
Microsoft Visual Studio Solution File, Format Version 12.00
# Visual Studio Version 17
VisualStudioVersion = 17.7.34018.315
MinimumVisualStudioVersion = 10.0.40219.1
Project("{FAE04EC0-301F-11D3-BF4B-00C04F79EFBC}") = "MiniGame", "MiniGame\MiniGame.csproj", "{773CF9D3-1D23-4CE1-A67A-8E469A5A32FD}"
EndProject
Global
	GlobalSection(SolutionConfigurationPlatforms) = preSolution
		Debug|Any CPU = Debug|Any CPU
		Release|Any CPU = Release|Any CPU
	EndGlobalSection
	GlobalSection(ProjectConfigurationPlatforms) = postSolution
		{773CF9D3-1D23-4CE1-A67A-8E469A5A32FD}.Debug|Any CPU.ActiveCfg = Debug|Any CPU
		{773CF9D3-1D23-4CE1-A67A-8E469A5A32FD}.Debug|Any CPU.Build.0 = Debug|Any CPU
		{773CF9D3-1D23-4CE1-A67A-8E469A5A32FD}.Release|Any CPU.ActiveCfg = Release|Any CPU
		{773CF9D3-1D23-4CE1-A67A-8E469A5A32FD}.Release|Any CPU.Build.0 = Release|Any CPU
	EndGlobalSection
	GlobalSection(SolutionProperties) = preSolution
		HideSolutionNode = FALSE
	EndGlobalSection
	GlobalSection(ExtensibilityGlobals) = postSolution
		SolutionGuid = {2805B39A-A4EC-49EC-BD35-E35DAA59EA1F}
	EndGlobalSection
EndGlobal
